// !$*UTF8*$!
{
	archiveVersion = 1;
	classes = {
	};
	objectVersion = 46;
	objects = {

/* Begin PBXBuildFile section */
		DF9494541AC9358B00381D71 /* AppDelegate.m in Sources */ = {isa = PBXBuildFile; fileRef = DF9494531AC9358B00381D71 /* AppDelegate.m */; };
		DF9494561AC9358B00381D71 /* main.m in Sources */ = {isa = PBXBuildFile; fileRef = DF9494551AC9358B00381D71 /* main.m */; };
		DF94945B1AC9358B00381D71 /* MainMenu.xib in Resources */ = {isa = PBXBuildFile; fileRef = DF9494591AC9358B00381D71 /* MainMenu.xib */; };
		DF9494711AC9362700381D71 /* Icon.icns in Resources */ = {isa = PBXBuildFile; fileRef = DF9494701AC9362700381D71 /* Icon.icns */; };
		DF9494781AC9371F00381D71 /* NSScrollView+MultiLine.m in Sources */ = {isa = PBXBuildFile; fileRef = DF9494751AC9371F00381D71 /* NSScrollView+MultiLine.m */; };
		DF9494791AC9371F00381D71 /* ProvisioningProfileBean.m in Sources */ = {isa = PBXBuildFile; fileRef = DF9494771AC9371F00381D71 /* ProvisioningProfileBean.m */; };
		DF94947D1AC9373D00381D71 /* MasterViewController.m in Sources */ = {isa = PBXBuildFile; fileRef = DF94947B1AC9373D00381D71 /* MasterViewController.m */; };
		DF94947E1AC9373D00381D71 /* MasterViewController.xib in Resources */ = {isa = PBXBuildFile; fileRef = DF94947C1AC9373D00381D71 /* MasterViewController.xib */; };
/* End PBXBuildFile section */

/* Begin PBXFileReference section */
		DF94944D1AC9358B00381D71 /* Provisioning Info.app */ = {isa = PBXFileReference; explicitFileType = wrapper.application; includeInIndex = 0; path = "Provisioning Info.app"; sourceTree = BUILT_PRODUCTS_DIR; };
		DF9494511AC9358B00381D71 /* Info.plist */ = {isa = PBXFileReference; lastKnownFileType = text.plist.xml; path = Info.plist; sourceTree = "<group>"; };
		DF9494521AC9358B00381D71 /* AppDelegate.h */ = {isa = PBXFileReference; lastKnownFileType = sourcecode.c.h; path = AppDelegate.h; sourceTree = "<group>"; };
		DF9494531AC9358B00381D71 /* AppDelegate.m */ = {isa = PBXFileReference; lastKnownFileType = sourcecode.c.objc; path = AppDelegate.m; sourceTree = "<group>"; };
		DF9494551AC9358B00381D71 /* main.m */ = {isa = PBXFileReference; lastKnownFileType = sourcecode.c.objc; path = main.m; sourceTree = "<group>"; };
		DF94945A1AC9358B00381D71 /* Base */ = {isa = PBXFileReference; lastKnownFileType = file.xib; name = Base; path = Base.lproj/MainMenu.xib; sourceTree = "<group>"; };
		DF9494701AC9362700381D71 /* Icon.icns */ = {isa = PBXFileReference; lastKnownFileType = image.icns; path = Icon.icns; sourceTree = "<group>"; };
		DF9494741AC9371F00381D71 /* NSScrollView+MultiLine.h */ = {isa = PBXFileReference; fileEncoding = 4; lastKnownFileType = sourcecode.c.h; path = "NSScrollView+MultiLine.h"; sourceTree = "<group>"; };
		DF9494751AC9371F00381D71 /* NSScrollView+MultiLine.m */ = {isa = PBXFileReference; fileEncoding = 4; lastKnownFileType = sourcecode.c.objc; path = "NSScrollView+MultiLine.m"; sourceTree = "<group>"; };
		DF9494761AC9371F00381D71 /* ProvisioningProfileBean.h */ = {isa = PBXFileReference; fileEncoding = 4; lastKnownFileType = sourcecode.c.h; path = ProvisioningProfileBean.h; sourceTree = "<group>"; };
		DF9494771AC9371F00381D71 /* ProvisioningProfileBean.m */ = {isa = PBXFileReference; fileEncoding = 4; lastKnownFileType = sourcecode.c.objc; path = ProvisioningProfileBean.m; sourceTree = "<group>"; };
		DF94947A1AC9373D00381D71 /* MasterViewController.h */ = {isa = PBXFileReference; fileEncoding = 4; lastKnownFileType = sourcecode.c.h; path = MasterViewController.h; sourceTree = "<group>"; };
		DF94947B1AC9373D00381D71 /* MasterViewController.m */ = {isa = PBXFileReference; fileEncoding = 4; lastKnownFileType = sourcecode.c.objc; path = MasterViewController.m; sourceTree = "<group>"; };
		DF94947C1AC9373D00381D71 /* MasterViewController.xib */ = {isa = PBXFileReference; fileEncoding = 4; lastKnownFileType = file.xib; path = MasterViewController.xib; sourceTree = "<group>"; };
/* End PBXFileReference section */

/* Begin PBXFrameworksBuildPhase section */
		DF94944A1AC9358B00381D71 /* Frameworks */ = {
			isa = PBXFrameworksBuildPhase;
			buildActionMask = 2147483647;
			files = (
			);
			runOnlyForDeploymentPostprocessing = 0;
		};
/* End PBXFrameworksBuildPhase section */

/* Begin PBXGroup section */
		DF9494441AC9358B00381D71 = {
			isa = PBXGroup;
			children = (
				DF94944F1AC9358B00381D71 /* Provisioning_Info */,
				DF94944E1AC9358B00381D71 /* Products */,
			);
			sourceTree = "<group>";
		};
		DF94944E1AC9358B00381D71 /* Products */ = {
			isa = PBXGroup;
			children = (
				DF94944D1AC9358B00381D71 /* Provisioning Info.app */,
			);
			name = Products;
			sourceTree = "<group>";
		};
		DF94944F1AC9358B00381D71 /* Provisioning_Info */ = {
			isa = PBXGroup;
			children = (
				DF9494731AC936E500381D71 /* GUI */,
				DF9494721AC936DC00381D71 /* Helper */,
				DF9494501AC9358B00381D71 /* Supporting Files */,
			);
			path = Provisioning_Info;
			sourceTree = "<group>";
		};
		DF9494501AC9358B00381D71 /* Supporting Files */ = {
			isa = PBXGroup;
			children = (
				DF9494701AC9362700381D71 /* Icon.icns */,
				DF9494511AC9358B00381D71 /* Info.plist */,
				DF9494551AC9358B00381D71 /* main.m */,
			);
			name = "Supporting Files";
			sourceTree = "<group>";
		};
		DF9494721AC936DC00381D71 /* Helper */ = {
			isa = PBXGroup;
			children = (
				DF9494741AC9371F00381D71 /* NSScrollView+MultiLine.h */,
				DF9494751AC9371F00381D71 /* NSScrollView+MultiLine.m */,
				DF9494761AC9371F00381D71 /* ProvisioningProfileBean.h */,
				DF9494771AC9371F00381D71 /* ProvisioningProfileBean.m */,
			);
			path = Helper;
			sourceTree = "<group>";
		};
		DF9494731AC936E500381D71 /* GUI */ = {
			isa = PBXGroup;
			children = (
				DF9494521AC9358B00381D71 /* AppDelegate.h */,
				DF9494531AC9358B00381D71 /* AppDelegate.m */,
				DF9494591AC9358B00381D71 /* MainMenu.xib */,
				DF94947A1AC9373D00381D71 /* MasterViewController.h */,
				DF94947B1AC9373D00381D71 /* MasterViewController.m */,
				DF94947C1AC9373D00381D71 /* MasterViewController.xib */,
			);
			name = GUI;
			sourceTree = "<group>";
		};
/* End PBXGroup section */

/* Begin PBXNativeTarget section */
		DF94944C1AC9358B00381D71 /* Provisioning_Info */ = {
			isa = PBXNativeTarget;
			buildConfigurationList = DF94946A1AC9358B00381D71 /* Build configuration list for PBXNativeTarget "Provisioning_Info" */;
			buildPhases = (
				DF9494491AC9358B00381D71 /* Sources */,
				DF94944A1AC9358B00381D71 /* Frameworks */,
				DF94944B1AC9358B00381D71 /* Resources */,
			);
			buildRules = (
			);
			dependencies = (
			);
			name = Provisioning_Info;
			productName = Provisioning_Info;
			productReference = DF94944D1AC9358B00381D71 /* Provisioning Info.app */;
			productType = "com.apple.product-type.application";
		};
/* End PBXNativeTarget section */

/* Begin PBXProject section */
		DF9494451AC9358B00381D71 /* Project object */ = {
			isa = PBXProject;
			attributes = {
				LastUpgradeCheck = 0620;
				ORGANIZATIONNAME = "Francesca Corsini";
				TargetAttributes = {
					DF94944C1AC9358B00381D71 = {
						CreatedOnToolsVersion = 6.2;
						DevelopmentTeam = J9Z7SPY327;
					};
				};
			};
			buildConfigurationList = DF9494481AC9358B00381D71 /* Build configuration list for PBXProject "Provisioning_Info" */;
			compatibilityVersion = "Xcode 3.2";
			developmentRegion = English;
			hasScannedForEncodings = 0;
			knownRegions = (
				en,
				Base,
			);
			mainGroup = DF9494441AC9358B00381D71;
			productRefGroup = DF94944E1AC9358B00381D71 /* Products */;
			projectDirPath = "";
			projectRoot = "";
			targets = (
				DF94944C1AC9358B00381D71 /* Provisioning_Info */,
			);
		};
/* End PBXProject section */

/* Begin PBXResourcesBuildPhase section */
		DF94944B1AC9358B00381D71 /* Resources */ = {
			isa = PBXResourcesBuildPhase;
			buildActionMask = 2147483647;
			files = (
				DF94945B1AC9358B00381D71 /* MainMenu.xib in Resources */,
				DF9494711AC9362700381D71 /* Icon.icns in Resources */,
				DF94947E1AC9373D00381D71 /* MasterViewController.xib in Resources */,
			);
			runOnlyForDeploymentPostprocessing = 0;
		};
/* End PBXResourcesBuildPhase section */

/* Begin PBXSourcesBuildPhase section */
		DF9494491AC9358B00381D71 /* Sources */ = {
			isa = PBXSourcesBuildPhase;
			buildActionMask = 2147483647;
			files = (
				DF9494791AC9371F00381D71 /* ProvisioningProfileBean.m in Sources */,
				DF9494561AC9358B00381D71 /* main.m in Sources */,
				DF94947D1AC9373D00381D71 /* MasterViewController.m in Sources */,
				DF9494541AC9358B00381D71 /* AppDelegate.m in Sources */,
				DF9494781AC9371F00381D71 /* NSScrollView+MultiLine.m in Sources */,
			);
			runOnlyForDeploymentPostprocessing = 0;
		};
/* End PBXSourcesBuildPhase section */

/* Begin PBXVariantGroup section */
		DF9494591AC9358B00381D71 /* MainMenu.xib */ = {
			isa = PBXVariantGroup;
			children = (
				DF94945A1AC9358B00381D71 /* Base */,
			);
			name = MainMenu.xib;
			sourceTree = "<group>";
		};
/* End PBXVariantGroup section */

/* Begin XCBuildConfiguration section */
		DF9494681AC9358B00381D71 /* Debug */ = {
			isa = XCBuildConfiguration;
			buildSettings = {
				ALWAYS_SEARCH_USER_PATHS = NO;
				CLANG_CXX_LANGUAGE_STANDARD = "gnu++0x";
				CLANG_CXX_LIBRARY = "libc++";
				CLANG_ENABLE_MODULES = YES;
				CLANG_ENABLE_OBJC_ARC = YES;
				CLANG_WARN_BOOL_CONVERSION = YES;
				CLANG_WARN_CONSTANT_CONVERSION = YES;
				CLANG_WARN_DIRECT_OBJC_ISA_USAGE = YES_ERROR;
				CLANG_WARN_EMPTY_BODY = YES;
				CLANG_WARN_ENUM_CONVERSION = YES;
				CLANG_WARN_INT_CONVERSION = YES;
				CLANG_WARN_OBJC_ROOT_CLASS = YES_ERROR;
				CLANG_WARN_UNREACHABLE_CODE = YES;
				CLANG_WARN__DUPLICATE_METHOD_MATCH = YES;
				CODE_SIGN_IDENTITY = "-";
				COPY_PHASE_STRIP = NO;
				ENABLE_STRICT_OBJC_MSGSEND = YES;
				GCC_C_LANGUAGE_STANDARD = gnu99;
				GCC_DYNAMIC_NO_PIC = NO;
				GCC_OPTIMIZATION_LEVEL = 0;
				GCC_PREPROCESSOR_DEFINITIONS = (
					"DEBUG=1",
					"$(inherited)",
				);
				GCC_SYMBOLS_PRIVATE_EXTERN = NO;
				GCC_WARN_64_TO_32_BIT_CONVERSION = YES;
				GCC_WARN_ABOUT_RETURN_TYPE = YES_ERROR;
				GCC_WARN_UNDECLARED_SELECTOR = YES;
				GCC_WARN_UNINITIALIZED_AUTOS = YES_AGGRESSIVE;
				GCC_WARN_UNUSED_FUNCTION = YES;
				GCC_WARN_UNUSED_VARIABLE = YES;
				MACOSX_DEPLOYMENT_TARGET = 10.9;
				MTL_ENABLE_DEBUG_INFO = YES;
				ONLY_ACTIVE_ARCH = YES;
				SDKROOT = macosx;
			};
			name = Debug;
		};
		DF9494691AC9358B00381D71 /* Release */ = {
			isa = XCBuildConfiguration;
			buildSettings = {
				ALWAYS_SEARCH_USER_PATHS = NO;
				CLANG_CXX_LANGUAGE_STANDARD = "gnu++0x";
				CLANG_CXX_LIBRARY = "libc++";
				CLANG_ENABLE_MODULES = YES;
				CLANG_ENABLE_OBJC_ARC = YES;
				CLANG_WARN_BOOL_CONVERSION = YES;
				CLANG_WARN_CONSTANT_CONVERSION = YES;
				CLANG_WARN_DIRECT_OBJC_ISA_USAGE = YES_ERROR;
				CLANG_WARN_EMPTY_BODY = YES;
				CLANG_WARN_ENUM_CONVERSION = YES;
				CLANG_WARN_INT_CONVERSION = YES;
				CLANG_WARN_OBJC_ROOT_CLASS = YES_ERROR;
				CLANG_WARN_UNREACHABLE_CODE = YES;
				CLANG_WARN__DUPLICATE_METHOD_MATCH = YES;
				CODE_SIGN_IDENTITY = "-";
				COPY_PHASE_STRIP = NO;
				DEBUG_INFORMATION_FORMAT = "dwarf-with-dsym";
				ENABLE_NS_ASSERTIONS = NO;
				ENABLE_STRICT_OBJC_MSGSEND = YES;
				GCC_C_LANGUAGE_STANDARD = gnu99;
				GCC_WARN_64_TO_32_BIT_CONVERSION = YES;
				GCC_WARN_ABOUT_RETURN_TYPE = YES_ERROR;
				GCC_WARN_UNDECLARED_SELECTOR = YES;
				GCC_WARN_UNINITIALIZED_AUTOS = YES_AGGRESSIVE;
				GCC_WARN_UNUSED_FUNCTION = YES;
				GCC_WARN_UNUSED_VARIABLE = YES;
				MACOSX_DEPLOYMENT_TARGET = 10.9;
				MTL_ENABLE_DEBUG_INFO = NO;
				SDKROOT = macosx;
			};
			name = Release;
		};
		DF94946B1AC9358B00381D71 /* Debug */ = {
			isa = XCBuildConfiguration;
			buildSettings = {
				ASSETCATALOG_COMPILER_APPICON_NAME = AppIcon;
				CODE_SIGN_IDENTITY = "Mac Developer: Francesca Corsini (VVC9EAR546)";
				COMBINE_HIDPI_IMAGES = YES;
				INFOPLIST_FILE = Provisioning_Info/Info.plist;
				LD_RUNPATH_SEARCH_PATHS = "$(inherited) @executable_path/../Frameworks";
				MACOSX_DEPLOYMENT_TARGET = 10.9;
				PRODUCT_NAME = "Provisioning Info";
				PROVISIONING_PROFILE = "a98f586e-e769-433a-a7a1-cdb15daabd9b";
			};
			name = Debug;
		};
		DF94946C1AC9358B00381D71 /* Release */ = {
			isa = XCBuildConfiguration;
			buildSettings = {
				ASSETCATALOG_COMPILER_APPICON_NAME = AppIcon;
				CODE_SIGN_IDENTITY = "Mac Developer: Francesca Corsini (VVC9EAR546)";
				COMBINE_HIDPI_IMAGES = YES;
				INFOPLIST_FILE = Provisioning_Info/Info.plist;
				LD_RUNPATH_SEARCH_PATHS = "$(inherited) @executable_path/../Frameworks";
				MACOSX_DEPLOYMENT_TARGET = 10.9;
				PRODUCT_NAME = "Provisioning Info";
				PROVISIONING_PROFILE = "a98f586e-e769-433a-a7a1-cdb15daabd9b";
			};
			name = Release;
		};
/* End XCBuildConfiguration section */

/* Begin XCConfigurationList section */
		DF9494481AC9358B00381D71 /* Build configuration list for PBXProject "Provisioning_Info" */ = {
			isa = XCConfigurationList;
			buildConfigurations = (
				DF9494681AC9358B00381D71 /* Debug */,
				DF9494691AC9358B00381D71 /* Release */,
			);
			defaultConfigurationIsVisible = 0;
			defaultConfigurationName = Release;
		};
		DF94946A1AC9358B00381D71 /* Build configuration list for PBXNativeTarget "Provisioning_Info" */ = {
			isa = XCConfigurationList;
			buildConfigurations = (
				DF94946B1AC9358B00381D71 /* Debug */,
				DF94946C1AC9358B00381D71 /* Release */,
			);
			defaultConfigurationIsVisible = 0;
			defaultConfigurationName = Release;
		};
/* End XCConfigurationList section */
	};
	rootObject = DF9494451AC9358B00381D71 /* Project object */;
}
